schema: '2.0'
stages:
  get-raw-data:
    cmd: python src/get_data.py
    deps:
    - path: src/get_data.py
      hash: md5
      md5: 569d4e96a3fa2e5d3aa443bbd7b1f36f
      size: 1360
    outs:
    - path: data
      hash: md5
      md5: 46bc878535f9e513c5d8c4158925d317.dir
      size: 2920125
      nfiles: 4
